
Microsoft Visual Studio Solution File, Format Version 12.00
# Visual Studio 15
VisualStudioVersion = 15.0.28307.1800
MinimumVisualStudioVersion = 10.0.40219.1
Project("{FAE04EC0-301F-11D3-BF4B-00C04F79EFBC}") = "StudentManagement", "StudentManagement\StudentManagement.csproj", "{CD14D676-312D-42EE-A325-68AF56E4407C}"
EndProject
Global
	GlobalSection(SolutionConfigurationPlatforms) = preSolution
		Debug|Any CPU = Debug|Any CPU
		Release|Any CPU = Release|Any CPU
	EndGlobalSection
	GlobalSection(ProjectConfigurationPlatforms) = postSolution
		{CD14D676-312D-42EE-A325-68AF56E4407C}.Debug|Any CPU.ActiveCfg = Debug|Any CPU
		{CD14D676-312D-42EE-A325-68AF56E4407C}.Debug|Any CPU.Build.0 = Debug|Any CPU
		{CD14D676-312D-42EE-A325-68AF56E4407C}.Release|Any CPU.ActiveCfg = Release|Any CPU
		{CD14D676-312D-42EE-A325-68AF56E4407C}.Release|Any CPU.Build.0 = Release|Any CPU
	EndGlobalSection
	GlobalSection(SolutionProperties) = preSolution
		HideSolutionNode = FALSE
	EndGlobalSection
	GlobalSection(ExtensibilityGlobals) = postSolution
		SolutionGuid = {9881A137-0E6D-4AC2-B12D-F9AC6D8E1B9F}
	EndGlobalSection
EndGlobal
